
Microsoft Visual Studio Solution File, Format Version 12.00
# Visual Studio Version 17
VisualStudioVersion = 17.14.36429.23 d17.14
MinimumVisualStudioVersion = 10.0.40219.1
Project("{2150E333-8FDC-42A3-9474-1A3956D46DE8}") = "Task0", "Task0", "{02EA681E-C7D8-13C7-8484-4AC65E1B71E8}"
EndProject
Project("{FAE04EC0-301F-11D3-BF4B-00C04F79EFBC}") = "Tyuiu.VitovskayaAN.Sprint1.Task0.V8", "Tyuiu.VitovskayaAN.Sprint1.Task0.V8\Tyuiu.VitovskayaAN.Sprint1.Task0.V8.csproj", "{4CD45485-02CF-4FEF-88ED-E96880502BDF}"
EndProject
Project("{FAE04EC0-301F-11D3-BF4B-00C04F79EFBC}") = "Tyuiu.VitovskayaAN.Sprint1.Task0.V8.Lib", "Tyuiu.VitovskayaAN.Sprint1.Task0.V8.Lib\Tyuiu.VitovskayaAN.Sprint1.Task0.V8.Lib.csproj", "{BE74D41A-6EE9-486A-A8A5-FBF26446EEBE}"
EndProject
Project("{FAE04EC0-301F-11D3-BF4B-00C04F79EFBC}") = "Tyuiu.VitovskayaAN.Sprint1.Task0.V8.Test", "Tyuiu.VitovskayaAN.Sprint1.Task0.V8.Test\Tyuiu.VitovskayaAN.Sprint1.Task0.V8.Test.csproj", "{309E1EC2-C08A-403E-8CA6-2EF6115F4E74}"
EndProject
Global
	GlobalSection(SolutionConfigurationPlatforms) = preSolution
		Debug|Any CPU = Debug|Any CPU
		Release|Any CPU = Release|Any CPU
	EndGlobalSection
	GlobalSection(ProjectConfigurationPlatforms) = postSolution
		{4CD45485-02CF-4FEF-88ED-E96880502BDF}.Debug|Any CPU.ActiveCfg = Debug|Any CPU
		{4CD45485-02CF-4FEF-88ED-E96880502BDF}.Debug|Any CPU.Build.0 = Debug|Any CPU
		{4CD45485-02CF-4FEF-88ED-E96880502BDF}.Release|Any CPU.ActiveCfg = Release|Any CPU
		{4CD45485-02CF-4FEF-88ED-E96880502BDF}.Release|Any CPU.Build.0 = Release|Any CPU
		{BE74D41A-6EE9-486A-A8A5-FBF26446EEBE}.Debug|Any CPU.ActiveCfg = Debug|Any CPU
		{BE74D41A-6EE9-486A-A8A5-FBF26446EEBE}.Debug|Any CPU.Build.0 = Debug|Any CPU
		{BE74D41A-6EE9-486A-A8A5-FBF26446EEBE}.Release|Any CPU.ActiveCfg = Release|Any CPU
		{BE74D41A-6EE9-486A-A8A5-FBF26446EEBE}.Release|Any CPU.Build.0 = Release|Any CPU
		{309E1EC2-C08A-403E-8CA6-2EF6115F4E74}.Debug|Any CPU.ActiveCfg = Debug|Any CPU
		{309E1EC2-C08A-403E-8CA6-2EF6115F4E74}.Debug|Any CPU.Build.0 = Debug|Any CPU
		{309E1EC2-C08A-403E-8CA6-2EF6115F4E74}.Release|Any CPU.ActiveCfg = Release|Any CPU
		{309E1EC2-C08A-403E-8CA6-2EF6115F4E74}.Release|Any CPU.Build.0 = Release|Any CPU
	EndGlobalSection
	GlobalSection(SolutionProperties) = preSolution
		HideSolutionNode = FALSE
	EndGlobalSection
	GlobalSection(NestedProjects) = preSolution
		{4CD45485-02CF-4FEF-88ED-E96880502BDF} = {02EA681E-C7D8-13C7-8484-4AC65E1B71E8}
		{BE74D41A-6EE9-486A-A8A5-FBF26446EEBE} = {02EA681E-C7D8-13C7-8484-4AC65E1B71E8}
		{309E1EC2-C08A-403E-8CA6-2EF6115F4E74} = {02EA681E-C7D8-13C7-8484-4AC65E1B71E8}
	EndGlobalSection
	GlobalSection(ExtensibilityGlobals) = postSolution
		SolutionGuid = {707F7AC2-6151-4A9B-AAAB-533F794D937B}
	EndGlobalSection
EndGlobal
