
Microsoft Visual Studio Solution File, Format Version 12.00
# Visual Studio Version 17
VisualStudioVersion = 17.14.36429.23
MinimumVisualStudioVersion = 10.0.40219.1
Project("{2150E333-8FDC-42A3-9474-1A3956D46DE8}") = "Task0", "Task0", "{02EA681E-C7D8-13C7-8484-4AC65E1B71E8}"
EndProject
Project("{FAE04EC0-301F-11D3-BF4B-00C04F79EFBC}") = "Tyuiu.VitovskayaAN.Sprint1.Task0.V8", "Tyuiu.VitovskayaAN.Sprint1.Task0.V8\Tyuiu.VitovskayaAN.Sprint1.Task0.V8.csproj", "{1DA6A34D-7779-4C9E-8575-33FDBEB81FFF}"
EndProject
Project("{FAE04EC0-301F-11D3-BF4B-00C04F79EFBC}") = "Tyuiu.VitovskayaAN.Sprint1.Task0.V8.Lib", "Tyuiu.VitovskayaAN.Sprint1.Task0.V8.Lib\Tyuiu.VitovskayaAN.Sprint1.Task0.V8.Lib.csproj", "{BA24C6D8-1562-442C-B626-9DBB0580912A}"
EndProject
Project("{FAE04EC0-301F-11D3-BF4B-00C04F79EFBC}") = "Tyuiu.VitovskayaAN.Sprint1.Task0.V8.Test", "Tyuiu.VitovskayaAN.Sprint1.Task0.V8.Test\Tyuiu.VitovskayaAN.Sprint1.Task0.V8.Test.csproj", "{4E0A0D6F-4573-4283-9002-572E9E8FA0C7}"
EndProject
Project("{2150E333-8FDC-42A3-9474-1A3956D46DE8}") = "Task1", "Task1", "{A240ABAA-BECB-43EA-81ED-5AFAFC7FAF9D}"
EndProject
Project("{FAE04EC0-301F-11D3-BF4B-00C04F79EFBC}") = "Tyuiu.VitovskayaAN.Sprint1.Task1.V10", "Tyuiu.VitovskayaAN.Sprint1.Task1.V10\Tyuiu.VitovskayaAN.Sprint1.Task1.V10.csproj", "{977F205C-4DD1-407F-B86E-C6B0FFCC1957}"
EndProject
Project("{FAE04EC0-301F-11D3-BF4B-00C04F79EFBC}") = "Tyuiu.VitovskayaAN.Sprint1.Task1.V10.Lib", "Tyuiu.VitovskayaAN.Sprint1.Task1.V10.Lib\Tyuiu.VitovskayaAN.Sprint1.Task1.V10.Lib.csproj", "{D5CFEC85-1BF0-4EBE-87EB-474529FDF7B1}"
EndProject
Project("{FAE04EC0-301F-11D3-BF4B-00C04F79EFBC}") = "Tyuiu.VitovskayaAN.Sprint1.Task1.V10.Test", "Tyuiu.VitovskayaAN.Sprint1.Task1.V10.Test\Tyuiu.VitovskayaAN.Sprint1.Task1.V10.Test.csproj", "{0A3B9E65-21E4-4D8B-BC15-93D766B9BFBE}"
EndProject
Project("{2150E333-8FDC-42A3-9474-1A3956D46DE8}") = "Task2", "Task2", "{339CBF5E-E6C8-472E-9E60-A863055D86BC}"
EndProject
Project("{FAE04EC0-301F-11D3-BF4B-00C04F79EFBC}") = "Tyuiu.VitovskayaAN.Sprint1.Task2.V30", "Tyuiu.VitovskayaAN.Sprint1.Task2.V30\Tyuiu.VitovskayaAN.Sprint1.Task2.V30.csproj", "{0B270F60-3021-4A07-926B-2D5E39A1164C}"
EndProject
Project("{FAE04EC0-301F-11D3-BF4B-00C04F79EFBC}") = "Tyuiu.VitovskayaAN.Sprint1.Task2.V30.Lib", "Tyuiu.VitovskayaAN.Sprint1.Task2.V30.Lib\Tyuiu.VitovskayaAN.Sprint1.Task2.V30.Lib.csproj", "{8C35CB08-FD2A-4F4C-ACE3-08C7BD2CDBC8}"
EndProject
Project("{FAE04EC0-301F-11D3-BF4B-00C04F79EFBC}") = "Tyuiu.VitovskayaAN.Sprint1.Task2.V30.Test", "Tyuiu.VitovskayaAN.Sprint1.Task2.V30.Test\Tyuiu.VitovskayaAN.Sprint1.Task2.V30.Test.csproj", "{92B3025D-5186-42E2-AEA8-870C56B8FE2D}"
EndProject
Project("{2150E333-8FDC-42A3-9474-1A3956D46DE8}") = "Task3", "Task3", "{54731CC6-D59F-416C-935E-D947025308A2}"
EndProject
Project("{FAE04EC0-301F-11D3-BF4B-00C04F79EFBC}") = "Tyuiu.VitovskayaAN.Sprint1.Task3.V19", "Tyuiu.VitovskayaAN.Sprint1.Task3.V19\Tyuiu.VitovskayaAN.Sprint1.Task3.V19.csproj", "{FFD7B669-52BD-4BD4-B515-94AE16A735A3}"
EndProject
Project("{FAE04EC0-301F-11D3-BF4B-00C04F79EFBC}") = "Tyuiu.VitovskayaAN.Sprint1.Task3.V19.Lib", "Tyuiu.VitovskayaAN.Sprint1.Task3.V19.Lib\Tyuiu.VitovskayaAN.Sprint1.Task3.V19.Lib.csproj", "{B04F6DE7-1EBF-47D5-80B1-66D64356C305}"
EndProject
Project("{FAE04EC0-301F-11D3-BF4B-00C04F79EFBC}") = "Tyuiu.VitovskayaAN.Sprint1.Task3.V19.Test", "Tyuiu.VitovskayaAN.Sprint1.Task3.V19.Test\Tyuiu.VitovskayaAN.Sprint1.Task3.V19.Test.csproj", "{A29747C8-B076-488E-855A-35F08BFF5FEA}"
EndProject
Project("{2150E333-8FDC-42A3-9474-1A3956D46DE8}") = "Task4", "Task4", "{6D808166-90DF-4959-B13C-A11180F1308F}"
EndProject
Project("{FAE04EC0-301F-11D3-BF4B-00C04F79EFBC}") = "Tyuiu.VitovskayaAN.Sprint1.Task4.V16", "Tyuiu.VitovskayaAN.Sprint1.Task4.V16\Tyuiu.VitovskayaAN.Sprint1.Task4.V16.csproj", "{36D0549D-6036-4B2C-AC99-6F7B76251E11}"
EndProject
Project("{FAE04EC0-301F-11D3-BF4B-00C04F79EFBC}") = "Tyuiu.VitovskayaAN.Sprint1.Task4.V16.Lib", "Tyuiu.VitovskayaAN.Sprint1.Task4.V16.Lib\Tyuiu.VitovskayaAN.Sprint1.Task4.V16.Lib.csproj", "{1FEDBBC4-CD94-484C-AD6B-76BA1E0570D1}"
EndProject
Project("{FAE04EC0-301F-11D3-BF4B-00C04F79EFBC}") = "Tyuiu.VitovskayaAN.Sprint1.Task4.V16.Test", "Tyuiu.VitovskayaAN.Sprint1.Task4.V16.Test\Tyuiu.VitovskayaAN.Sprint1.Task4.V16.Test.csproj", "{99EDB939-9456-4BDC-AC07-95E11D97FF82}"
EndProject
Project("{2150E333-8FDC-42A3-9474-1A3956D46DE8}") = "Task5", "Task5", "{2F9B2E5D-DF55-41DB-9EC8-AF89529D8AFC}"
EndProject
Project("{FAE04EC0-301F-11D3-BF4B-00C04F79EFBC}") = "Tyuiu.VitovskayaAN.Sprint1.Task5.V4", "Tyuiu.VitovskayaAN.Sprint1.Task5.V4\Tyuiu.VitovskayaAN.Sprint1.Task5.V4.csproj", "{D4502B1D-1F50-4BDA-9286-5E7866AB7F0D}"
EndProject
Project("{FAE04EC0-301F-11D3-BF4B-00C04F79EFBC}") = "Tyuiu.VitovskayaAN.Sprint1.Task5.V4.Lib", "Tyuiu.VitovskayaAN.Sprint1.Task5.V4.Lib\Tyuiu.VitovskayaAN.Sprint1.Task5.V4.Lib.csproj", "{677096FB-60EA-4589-AD87-B756A69056C0}"
EndProject
Project("{FAE04EC0-301F-11D3-BF4B-00C04F79EFBC}") = "Tyuiu.VitovskayaAN.Sprint1.Task5.V4.Test", "Tyuiu.VitovskayaAN.Sprint1.Task5.V4.Test\Tyuiu.VitovskayaAN.Sprint1.Task5.V4.Test.csproj", "{A7F94B70-A1E9-43EE-BC20-0B199D1DE49C}"
EndProject
Global
	GlobalSection(SolutionConfigurationPlatforms) = preSolution
		Debug|Any CPU = Debug|Any CPU
		Release|Any CPU = Release|Any CPU
	EndGlobalSection
	GlobalSection(ProjectConfigurationPlatforms) = postSolution
		{1DA6A34D-7779-4C9E-8575-33FDBEB81FFF}.Debug|Any CPU.ActiveCfg = Debug|Any CPU
		{1DA6A34D-7779-4C9E-8575-33FDBEB81FFF}.Debug|Any CPU.Build.0 = Debug|Any CPU
		{1DA6A34D-7779-4C9E-8575-33FDBEB81FFF}.Release|Any CPU.ActiveCfg = Release|Any CPU
		{1DA6A34D-7779-4C9E-8575-33FDBEB81FFF}.Release|Any CPU.Build.0 = Release|Any CPU
		{BA24C6D8-1562-442C-B626-9DBB0580912A}.Debug|Any CPU.ActiveCfg = Debug|Any CPU
		{BA24C6D8-1562-442C-B626-9DBB0580912A}.Debug|Any CPU.Build.0 = Debug|Any CPU
		{BA24C6D8-1562-442C-B626-9DBB0580912A}.Release|Any CPU.ActiveCfg = Release|Any CPU
		{BA24C6D8-1562-442C-B626-9DBB0580912A}.Release|Any CPU.Build.0 = Release|Any CPU
		{4E0A0D6F-4573-4283-9002-572E9E8FA0C7}.Debug|Any CPU.ActiveCfg = Debug|Any CPU
		{4E0A0D6F-4573-4283-9002-572E9E8FA0C7}.Debug|Any CPU.Build.0 = Debug|Any CPU
		{4E0A0D6F-4573-4283-9002-572E9E8FA0C7}.Release|Any CPU.ActiveCfg = Release|Any CPU
		{4E0A0D6F-4573-4283-9002-572E9E8FA0C7}.Release|Any CPU.Build.0 = Release|Any CPU
		{977F205C-4DD1-407F-B86E-C6B0FFCC1957}.Debug|Any CPU.ActiveCfg = Debug|Any CPU
		{977F205C-4DD1-407F-B86E-C6B0FFCC1957}.Debug|Any CPU.Build.0 = Debug|Any CPU
		{977F205C-4DD1-407F-B86E-C6B0FFCC1957}.Release|Any CPU.ActiveCfg = Release|Any CPU
		{977F205C-4DD1-407F-B86E-C6B0FFCC1957}.Release|Any CPU.Build.0 = Release|Any CPU
		{D5CFEC85-1BF0-4EBE-87EB-474529FDF7B1}.Debug|Any CPU.ActiveCfg = Debug|Any CPU
		{D5CFEC85-1BF0-4EBE-87EB-474529FDF7B1}.Debug|Any CPU.Build.0 = Debug|Any CPU
		{D5CFEC85-1BF0-4EBE-87EB-474529FDF7B1}.Release|Any CPU.ActiveCfg = Release|Any CPU
		{D5CFEC85-1BF0-4EBE-87EB-474529FDF7B1}.Release|Any CPU.Build.0 = Release|Any CPU
		{0A3B9E65-21E4-4D8B-BC15-93D766B9BFBE}.Debug|Any CPU.ActiveCfg = Debug|Any CPU
		{0A3B9E65-21E4-4D8B-BC15-93D766B9BFBE}.Debug|Any CPU.Build.0 = Debug|Any CPU
		{0A3B9E65-21E4-4D8B-BC15-93D766B9BFBE}.Release|Any CPU.ActiveCfg = Release|Any CPU
		{0A3B9E65-21E4-4D8B-BC15-93D766B9BFBE}.Release|Any CPU.Build.0 = Release|Any CPU
		{0B270F60-3021-4A07-926B-2D5E39A1164C}.Debug|Any CPU.ActiveCfg = Debug|Any CPU
		{0B270F60-3021-4A07-926B-2D5E39A1164C}.Debug|Any CPU.Build.0 = Debug|Any CPU
		{0B270F60-3021-4A07-926B-2D5E39A1164C}.Release|Any CPU.ActiveCfg = Release|Any CPU
		{0B270F60-3021-4A07-926B-2D5E39A1164C}.Release|Any CPU.Build.0 = Release|Any CPU
		{8C35CB08-FD2A-4F4C-ACE3-08C7BD2CDBC8}.Debug|Any CPU.ActiveCfg = Debug|Any CPU
		{8C35CB08-FD2A-4F4C-ACE3-08C7BD2CDBC8}.Debug|Any CPU.Build.0 = Debug|Any CPU
		{8C35CB08-FD2A-4F4C-ACE3-08C7BD2CDBC8}.Release|Any CPU.ActiveCfg = Release|Any CPU
		{8C35CB08-FD2A-4F4C-ACE3-08C7BD2CDBC8}.Release|Any CPU.Build.0 = Release|Any CPU
		{92B3025D-5186-42E2-AEA8-870C56B8FE2D}.Debug|Any CPU.ActiveCfg = Debug|Any CPU
		{92B3025D-5186-42E2-AEA8-870C56B8FE2D}.Debug|Any CPU.Build.0 = Debug|Any CPU
		{92B3025D-5186-42E2-AEA8-870C56B8FE2D}.Release|Any CPU.ActiveCfg = Release|Any CPU
		{92B3025D-5186-42E2-AEA8-870C56B8FE2D}.Release|Any CPU.Build.0 = Release|Any CPU
		{FFD7B669-52BD-4BD4-B515-94AE16A735A3}.Debug|Any CPU.ActiveCfg = Debug|Any CPU
		{FFD7B669-52BD-4BD4-B515-94AE16A735A3}.Debug|Any CPU.Build.0 = Debug|Any CPU
		{FFD7B669-52BD-4BD4-B515-94AE16A735A3}.Release|Any CPU.ActiveCfg = Release|Any CPU
		{FFD7B669-52BD-4BD4-B515-94AE16A735A3}.Release|Any CPU.Build.0 = Release|Any CPU
		{B04F6DE7-1EBF-47D5-80B1-66D64356C305}.Debug|Any CPU.ActiveCfg = Debug|Any CPU
		{B04F6DE7-1EBF-47D5-80B1-66D64356C305}.Debug|Any CPU.Build.0 = Debug|Any CPU
		{B04F6DE7-1EBF-47D5-80B1-66D64356C305}.Release|Any CPU.ActiveCfg = Release|Any CPU
		{B04F6DE7-1EBF-47D5-80B1-66D64356C305}.Release|Any CPU.Build.0 = Release|Any CPU
		{A29747C8-B076-488E-855A-35F08BFF5FEA}.Debug|Any CPU.ActiveCfg = Debug|Any CPU
		{A29747C8-B076-488E-855A-35F08BFF5FEA}.Debug|Any CPU.Build.0 = Debug|Any CPU
		{A29747C8-B076-488E-855A-35F08BFF5FEA}.Release|Any CPU.ActiveCfg = Release|Any CPU
		{A29747C8-B076-488E-855A-35F08BFF5FEA}.Release|Any CPU.Build.0 = Release|Any CPU
		{36D0549D-6036-4B2C-AC99-6F7B76251E11}.Debug|Any CPU.ActiveCfg = Debug|Any CPU
		{36D0549D-6036-4B2C-AC99-6F7B76251E11}.Debug|Any CPU.Build.0 = Debug|Any CPU
		{36D0549D-6036-4B2C-AC99-6F7B76251E11}.Release|Any CPU.ActiveCfg = Release|Any CPU
		{36D0549D-6036-4B2C-AC99-6F7B76251E11}.Release|Any CPU.Build.0 = Release|Any CPU
		{1FEDBBC4-CD94-484C-AD6B-76BA1E0570D1}.Debug|Any CPU.ActiveCfg = Debug|Any CPU
		{1FEDBBC4-CD94-484C-AD6B-76BA1E0570D1}.Debug|Any CPU.Build.0 = Debug|Any CPU
		{1FEDBBC4-CD94-484C-AD6B-76BA1E0570D1}.Release|Any CPU.ActiveCfg = Release|Any CPU
		{1FEDBBC4-CD94-484C-AD6B-76BA1E0570D1}.Release|Any CPU.Build.0 = Release|Any CPU
		{99EDB939-9456-4BDC-AC07-95E11D97FF82}.Debug|Any CPU.ActiveCfg = Debug|Any CPU
		{99EDB939-9456-4BDC-AC07-95E11D97FF82}.Debug|Any CPU.Build.0 = Debug|Any CPU
		{99EDB939-9456-4BDC-AC07-95E11D97FF82}.Release|Any CPU.ActiveCfg = Release|Any CPU
		{99EDB939-9456-4BDC-AC07-95E11D97FF82}.Release|Any CPU.Build.0 = Release|Any CPU
		{D4502B1D-1F50-4BDA-9286-5E7866AB7F0D}.Debug|Any CPU.ActiveCfg = Debug|Any CPU
		{D4502B1D-1F50-4BDA-9286-5E7866AB7F0D}.Debug|Any CPU.Build.0 = Debug|Any CPU
		{D4502B1D-1F50-4BDA-9286-5E7866AB7F0D}.Release|Any CPU.ActiveCfg = Release|Any CPU
		{D4502B1D-1F50-4BDA-9286-5E7866AB7F0D}.Release|Any CPU.Build.0 = Release|Any CPU
		{677096FB-60EA-4589-AD87-B756A69056C0}.Debug|Any CPU.ActiveCfg = Debug|Any CPU
		{677096FB-60EA-4589-AD87-B756A69056C0}.Debug|Any CPU.Build.0 = Debug|Any CPU
		{677096FB-60EA-4589-AD87-B756A69056C0}.Release|Any CPU.ActiveCfg = Release|Any CPU
		{677096FB-60EA-4589-AD87-B756A69056C0}.Release|Any CPU.Build.0 = Release|Any CPU
		{A7F94B70-A1E9-43EE-BC20-0B199D1DE49C}.Debug|Any CPU.ActiveCfg = Debug|Any CPU
		{A7F94B70-A1E9-43EE-BC20-0B199D1DE49C}.Debug|Any CPU.Build.0 = Debug|Any CPU
		{A7F94B70-A1E9-43EE-BC20-0B199D1DE49C}.Release|Any CPU.ActiveCfg = Release|Any CPU
		{A7F94B70-A1E9-43EE-BC20-0B199D1DE49C}.Release|Any CPU.Build.0 = Release|Any CPU
	EndGlobalSection
	GlobalSection(SolutionProperties) = preSolution
		HideSolutionNode = FALSE
	EndGlobalSection
	GlobalSection(NestedProjects) = preSolution
		{1DA6A34D-7779-4C9E-8575-33FDBEB81FFF} = {02EA681E-C7D8-13C7-8484-4AC65E1B71E8}
		{BA24C6D8-1562-442C-B626-9DBB0580912A} = {02EA681E-C7D8-13C7-8484-4AC65E1B71E8}
		{4E0A0D6F-4573-4283-9002-572E9E8FA0C7} = {02EA681E-C7D8-13C7-8484-4AC65E1B71E8}
		{977F205C-4DD1-407F-B86E-C6B0FFCC1957} = {A240ABAA-BECB-43EA-81ED-5AFAFC7FAF9D}
		{D5CFEC85-1BF0-4EBE-87EB-474529FDF7B1} = {A240ABAA-BECB-43EA-81ED-5AFAFC7FAF9D}
		{0A3B9E65-21E4-4D8B-BC15-93D766B9BFBE} = {A240ABAA-BECB-43EA-81ED-5AFAFC7FAF9D}
		{0B270F60-3021-4A07-926B-2D5E39A1164C} = {339CBF5E-E6C8-472E-9E60-A863055D86BC}
		{8C35CB08-FD2A-4F4C-ACE3-08C7BD2CDBC8} = {339CBF5E-E6C8-472E-9E60-A863055D86BC}
		{92B3025D-5186-42E2-AEA8-870C56B8FE2D} = {339CBF5E-E6C8-472E-9E60-A863055D86BC}
		{FFD7B669-52BD-4BD4-B515-94AE16A735A3} = {54731CC6-D59F-416C-935E-D947025308A2}
		{B04F6DE7-1EBF-47D5-80B1-66D64356C305} = {54731CC6-D59F-416C-935E-D947025308A2}
		{A29747C8-B076-488E-855A-35F08BFF5FEA} = {54731CC6-D59F-416C-935E-D947025308A2}
		{36D0549D-6036-4B2C-AC99-6F7B76251E11} = {6D808166-90DF-4959-B13C-A11180F1308F}
		{1FEDBBC4-CD94-484C-AD6B-76BA1E0570D1} = {6D808166-90DF-4959-B13C-A11180F1308F}
		{99EDB939-9456-4BDC-AC07-95E11D97FF82} = {6D808166-90DF-4959-B13C-A11180F1308F}
		{D4502B1D-1F50-4BDA-9286-5E7866AB7F0D} = {2F9B2E5D-DF55-41DB-9EC8-AF89529D8AFC}
		{677096FB-60EA-4589-AD87-B756A69056C0} = {2F9B2E5D-DF55-41DB-9EC8-AF89529D8AFC}
		{A7F94B70-A1E9-43EE-BC20-0B199D1DE49C} = {2F9B2E5D-DF55-41DB-9EC8-AF89529D8AFC}
	EndGlobalSection
	GlobalSection(ExtensibilityGlobals) = postSolution
		SolutionGuid = {06CB1576-5605-4C9C-B5FF-2D146DBE329A}
	EndGlobalSection
EndGlobal
